# THIS IS AN AUTOGENERATED FILE. DO NOT EDIT THIS FILE DIRECTLY.
# yarn lockfile v1


"@sinonjs/commons@^1", "@sinonjs/commons@^1.0.2", "@sinonjs/commons@^1.3.0", "@sinonjs/commons@^1.7.0":
  "integrity" "sha512-wEj54PfsZ5jGSwMX68G8ZXFawcSglQSXqCftWX3ec8MDUzQdHgcKvw97awHbY0efQEL5iKUOAmmVtoYgmrSG4Q=="
  "resolved" "https://registry.npmmirror.com/@sinonjs/commons/-/commons-1.8.0.tgz"
  "version" "1.8.0"
  dependencies:
    "type-detect" "4.0.8"

"@sinonjs/formatio@^3.0.0", "@sinonjs/formatio@^3.2.1":
  "integrity" "sha512-B8SEsgd8gArBLMD6zpRw3juQ2FVSsmdd7qlevyDqzS9WTCtvF55/gAL+h6gue8ZvPYcdiPdvueM/qm//9XzyTQ=="
  "resolved" "https://registry.npmmirror.com/@sinonjs/formatio/-/formatio-3.2.2.tgz"
  "version" "3.2.2"
  dependencies:
    "@sinonjs/commons" "^1"
    "@sinonjs/samsam" "^3.1.0"

"@sinonjs/samsam@^2.1.2":
  "integrity" "sha512-8zNeBkSKhU9a5cRNbpCKau2WWPfan+Q2zDlcXvXyhn9EsMqgYs4qzo0XHNVlXC6ABQL8fT6nV+zzo5RTHJzyXw=="
  "resolved" "https://registry.npmmirror.com/@sinonjs/samsam/-/samsam-2.1.3.tgz"
  "version" "2.1.3"

"@sinonjs/samsam@^3.1.0":
  "integrity" "sha512-bKCMKZvWIjYD0BLGnNrxVuw4dkWCYsLqFOUWw8VgKF/+5Y+mE7LfHWPIYoDXowH+3a9LsWDMo0uAP8YDosPvHQ=="
  "resolved" "https://registry.npmmirror.com/@sinonjs/samsam/-/samsam-3.3.3.tgz"
  "version" "3.3.3"
  dependencies:
    "@sinonjs/commons" "^1.3.0"
    "array-from" "^2.1.1"
    "lodash" "^4.17.15"

"@sinonjs/text-encoding@^0.7.1":
  "integrity" "sha512-+iTbntw2IZPb/anVDbypzfQa+ay64MW0Zo8aJ8gZPWMMK6/OubMVb6lUPMagqjOPnmtauXnFCACVl3O7ogjeqQ=="
  "resolved" "https://registry.npmmirror.com/@sinonjs/text-encoding/-/text-encoding-0.7.1.tgz"
  "version" "0.7.1"

"@types/sinon@^5.0.1":
  "integrity" "sha512-yxzBCIjE3lp9lYjfBbIK/LRCoXgCLLbIIBIje7eNCcUIIR2CZZtyX5uto2hVoMSMqLrsRrT6mwwUEd0yFgOwpA=="
  "resolved" "https://registry.npmmirror.com/@types/sinon/-/sinon-5.0.1.tgz"
  "version" "5.0.1"

"array-from@^2.1.1":
  "integrity" "sha1-z+nYwmYoudxa7MYqn12PHzUsEZU= sha512-GQTc6Uupx1FCavi5mPzBvVT7nEOeWMmUA9P95wpfpW1XwMSKs+KaymD5C2Up7KAUKg/mYwbsUYzdZWcoajlNZg=="
  "resolved" "https://registry.npmmirror.com/array-from/-/array-from-2.1.1.tgz"
  "version" "2.1.1"

"asynckit@^0.4.0":
  "integrity" "sha512-Oei9OH4tRh0YqU3GxhX79dM/mwVgvbZJaSNaRk+bshkj0S5cfHcgYakreBjrHwatXKbz+IoIdYLxrKim2MjW0Q=="
  "resolved" "https://registry.npmmirror.com/asynckit/-/asynckit-0.4.0.tgz"
  "version" "0.4.0"

"axios@^1.6.0":
  "integrity" "sha512-EZ1DYihju9pwVB+jg67ogm+Tmqc6JmhamRN6I4Zt8DfZu5lbcQGw3ozH9lFejSJgs/ibaef3A9PMXPLeefFGJg=="
  "resolved" "https://registry.npmmirror.com/axios/-/axios-1.6.0.tgz"
  "version" "1.6.0"
  dependencies:
    "follow-redirects" "^1.15.0"
    "form-data" "^4.0.0"
    "proxy-from-env" "^1.1.0"

"buffer-crc32@~0.2.3":
  "integrity" "sha512-VO9Ht/+p3SN7SKWqcrgEzjGbRSJYTx+Q1pTQC0wrWqHx0vpJraQ6GtHx8tvcg1rlK1byhU5gccxgOgj7B0TDkQ=="
  "resolved" "https://registry.npmmirror.com/buffer-crc32/-/buffer-crc32-0.2.13.tgz"
  "version" "0.2.13"

"combined-stream@^1.0.8":
  "integrity" "sha512-FQN4MRfuJeHf7cBbBMJFXhKSDq+2kAArBlmRBvcvFE5BB1HZKXtSFASDhdlz9zOYwxh8lDdnvmMOe/+5cdoEdg=="
  "resolved" "https://registry.npmmirror.com/combined-stream/-/combined-stream-1.0.8.tgz"
  "version" "1.0.8"
  dependencies:
    "delayed-stream" "~1.0.0"

"delayed-stream@~1.0.0":
  "integrity" "sha512-ZySD7Nf91aLB0RxL4KGrKHBXl7Eds1DAmEdcoVawXnLD7SDhpNgtuII2aAkg7a7QS41jxPSZ17p4VdGnMHk3MQ=="
  "resolved" "https://registry.npmmirror.com/delayed-stream/-/delayed-stream-1.0.0.tgz"
  "version" "1.0.0"

"diff@^3.5.0":
  "integrity" "sha512-A46qtFgd+g7pDZinpnwiRJtxbC1hpgf0uzP3iG89scHk0AUC7A1TGxf5OiiOUv/JMZR8GOt8hL900hV0bOy5xA=="
  "resolved" "https://registry.npmmirror.com/diff/-/diff-3.5.0.tgz"
  "version" "3.5.0"

"fd-slicer@~1.1.0":
  "integrity" "sha512-cE1qsB/VwyQozZ+q1dGxR8LBYNZeofhEdUNGSMbQD3Gw2lAzX9Zb3uIU6Ebc/Fmyjo9AWWfnn0AUCHqtevs/8g=="
  "resolved" "https://registry.npmmirror.com/fd-slicer/-/fd-slicer-1.1.0.tgz"
  "version" "1.1.0"
  dependencies:
    "pend" "~1.2.0"

"follow-redirects@^1.15.0":
  "integrity" "sha512-1VzOtuEM8pC9SFU1E+8KfTjZyMztRsgEfwQl44z8A25uy13jSzTj6dyK2Df52iV0vgHCfBwLhDWevLn95w5v6Q=="
  "resolved" "https://registry.npmmirror.com/follow-redirects/-/follow-redirects-1.15.3.tgz"
  "version" "1.15.3"

"font-finder@^1.0.3", "font-finder@^1.1.0":
  "integrity" "sha512-wpCL2uIbi6GurJbU7ZlQ3nGd61Ho+dSU6U83/xJT5UPFfN35EeCW/rOtS+5k+IuEZu2SYmHzDIPL9eA5tSYRAw=="
  "resolved" "https://registry.npmmirror.com/font-finder/-/font-finder-1.1.0.tgz"
  "version" "1.1.0"
  dependencies:
    "get-system-fonts" "^2.0.0"
    "promise-stream-reader" "^1.0.1"

"font-ligatures@^1.4.1":
  "integrity" "sha512-7W6zlfyhvCqShZ5ReUWqmSd9vBaUudW0Hxis+tqUjtHhsPU+L3Grf8mcZAtCiXHTzorhwdRTId2WeH/88gdFkw=="
  "resolved" "https://registry.npmmirror.com/font-ligatures/-/font-ligatures-1.4.1.tgz"
  "version" "1.4.1"
  dependencies:
    "font-finder" "^1.0.3"
    "lru-cache" "^6.0.0"
    "opentype.js" "^0.8.0"

"form-data@^4.0.0":
  "integrity" "sha512-ETEklSGi5t0QMZuiXoA/Q6vcnxcLQP5vdugSpuAyi6SVGi2clPPp+xgEhuMaHC+zGgn31Kd235W35f7Hykkaww=="
  "resolved" "https://registry.npmmirror.com/form-data/-/form-data-4.0.0.tgz"
  "version" "4.0.0"
  dependencies:
    "asynckit" "^0.4.0"
    "combined-stream" "^1.0.8"
    "mime-types" "^2.1.12"

"get-system-fonts@^2.0.0":
  "integrity" "sha512-iiM/DavyF2nnLdELzPBSHojzQJVai9WiwrRzn5gp2dutJuerC8qHyBoh4lxfVdKGbnb9eZ4p8Oefbuc3yExB7Q=="
  "resolved" "https://registry.npmmirror.com/get-system-fonts/-/get-system-fonts-2.0.0.tgz"
  "version" "2.0.0"

"has-flag@^3.0.0":
  "integrity" "sha512-sKJf1+ceQBr4SMkvQnBDNDtf4TXpVhVGateu0t918bl30FnbE2m4vNLX+VWe/dpjlb+HugGYzW7uQXH98HPEYw=="
  "resolved" "https://registry.npmmirror.com/has-flag/-/has-flag-3.0.0.tgz"
  "version" "3.0.0"

"isarray@0.0.1":
  "integrity" "sha512-D2S+3GLxWH+uhrNEcoh/fnmYeP8E8/zHl644d/jdA0g2uyXvy3sb0qxotE+ne0LtccHknQzWwZEzhak7oJ0COQ=="
  "resolved" "https://registry.npmmirror.com/isarray/-/isarray-0.0.1.tgz"
  "version" "0.0.1"

"just-extend@^4.0.2":
  "integrity" "sha512-ApcjaOdVTJ7y4r08xI5wIqpvwS48Q0PBG4DJROcEkH1f8MdAiNFyFxz3xoL0LWAVwjrwPYZdVHHxhRHcx/uGLA=="
  "resolved" "https://registry.npmmirror.com/just-extend/-/just-extend-4.1.0.tgz"
  "version" "4.1.0"

"lodash.get@^4.4.2":
  "integrity" "sha512-z+Uw/vLuy6gQe8cfaFWD7p0wVv8fJl3mbzXh33RS+0oW2wvUqiRXiQ69gLWSLpgB5/6sU+r6BlQR0MBILadqTQ=="
  "resolved" "https://registry.npmmirror.com/lodash.get/-/lodash.get-4.4.2.tgz"
  "version" "4.4.2"

"lodash@^4.17.15":
  "integrity" "sha512-v2kDEe57lecTulaDIuNTPy3Ry4gLGJ6Z1O3vE1krgXZNrsQ+LFTGHVxVjcXPs17LhbZVGedAJv8XZ1tvj5FvSg=="
  "resolved" "https://registry.npmmirror.com/lodash/-/lodash-4.17.21.tgz"
  "version" "4.17.21"

"lolex@^2.7.5":
  "integrity" "sha512-l9x0+1offnKKIzYVjyXU2SiwhXDLekRzKyhnbyldPHvC7BvLPVpdNUNR2KeMAiCN2D/kLNttZgQD5WjSxuBx3Q=="
  "resolved" "https://registry.npmmirror.com/lolex/-/lolex-2.7.5.tgz"
  "version" "2.7.5"

"lolex@^5.0.1":
  "integrity" "sha512-h4hmjAvHTmd+25JSwrtTIuwbKdwg5NzZVRMLn9saij4SZaepCrTCxPr35H/3bjwfMJtN+t3CX8672UIkglz28A=="
  "resolved" "https://registry.npmmirror.com/lolex/-/lolex-5.1.2.tgz"
  "version" "5.1.2"
  dependencies:
    "@sinonjs/commons" "^1.7.0"

"lru-cache@^6.0.0":
  "integrity" "sha512-Jo6dJ04CmSjuznwJSS3pUeWmd/H0ffTlkXXgwZi+eq1UCmqQwCh+eLsYOYCwY991i2Fah4h1BEMCx4qThGbsiA=="
  "resolved" "https://registry.npmmirror.com/lru-cache/-/lru-cache-6.0.0.tgz"
  "version" "6.0.0"
  dependencies:
    "yallist" "^4.0.0"

"mime-db@1.52.0":
  "integrity" "sha512-sPU4uV7dYlvtWJxwwxHD0PuihVNiE7TyAbQ5SWxDCB9mUYvOgroQOwYQQOKPJ8CIbE+1ETVlOoK1UC2nU3gYvg=="
  "resolved" "https://registry.npmmirror.com/mime-db/-/mime-db-1.52.0.tgz"
  "version" "1.52.0"

"mime-types@^2.1.12":
  "integrity" "sha512-ZDY+bPm5zTTF+YpCrAU9nK0UgICYPT0QtT1NZWFv4s++TNkcgVaT0g6+4R2uI4MjQjzysHB1zxuWL50hzaeXiw=="
  "resolved" "https://registry.npmmirror.com/mime-types/-/mime-types-2.1.35.tgz"
  "version" "2.1.35"
  dependencies:
    "mime-db" "1.52.0"

"minimist@^1.2.5":
  "integrity" "sha512-Jsjnk4bw3YJqYzbdyBiNsPWHPfO++UGG749Cxs6peCu5Xg4nrena6OVxOYxrQTqww0Jmwt+Ref8rggumkTLz9Q=="
  "resolved" "https://registry.npmmirror.com/minimist/-/minimist-1.2.6.tgz"
  "version" "1.2.6"

"mkdirp@0.5.5":
  "integrity" "sha512-NKmAlESf6jMGym1++R0Ra7wvhV+wFW63FaSOFPwRahvea0gMUcGUhVeAg/0BC0wiv9ih5NYPB1Wn1UEI1/L+xQ=="
  "resolved" "https://registry.npmmirror.com/mkdirp/-/mkdirp-0.5.5.tgz"
  "version" "0.5.5"
  dependencies:
    "minimist" "^1.2.5"

"nise@^1.4.5":
  "integrity" "sha512-Ymbac/94xeIrMf59REBPOv0thr+CJVFMhrlAkW/gjCIE58BGQdCj0x7KRCb3yz+Ga2Rz3E9XXSvUyyxqqhjQAQ=="
  "resolved" "https://registry.npmmirror.com/nise/-/nise-1.5.3.tgz"
  "version" "1.5.3"
  dependencies:
    "@sinonjs/formatio" "^3.2.1"
    "@sinonjs/text-encoding" "^0.7.1"
    "just-extend" "^4.0.2"
    "lolex" "^5.0.1"
    "path-to-regexp" "^1.7.0"

"opentype.js@^0.8.0":
  "integrity" "sha512-FQHR4oGP+a0m/f6yHoRpBOIbn/5ZWxKd4D/djHVJu8+KpBTYrJda0b7mLcgDEMWXE9xBCJm+qb0yv6FcvPjukg=="
  "resolved" "https://registry.npmmirror.com/opentype.js/-/opentype.js-0.8.0.tgz"
  "version" "0.8.0"
  dependencies:
    "tiny-inflate" "^1.0.2"

"path-to-regexp@^1.7.0":
  "integrity" "sha512-nifX1uj4S9IrK/w3Xe7kKvNEepXivANs9ng60Iq7PU/BlouV3yL/VUhFqTuTq33ykwUqoNcTeGo5vdOBP4jS/Q=="
  "resolved" "https://registry.npmmirror.com/path-to-regexp/-/path-to-regexp-1.7.0.tgz"
  "version" "1.7.0"
  dependencies:
    "isarray" "0.0.1"

"pend@~1.2.0":
  "integrity" "sha512-F3asv42UuXchdzt+xXqfW1OGlVBe+mxa2mqI0pg5yAHZPvFmY3Y6drSf/GQ1A86WgWEN9Kzh/WrgKa6iGcHXLg=="
  "resolved" "https://registry.npmmirror.com/pend/-/pend-1.2.0.tgz"
  "version" "1.2.0"

"promise-stream-reader@^1.0.1":
  "integrity" "sha512-Tnxit5trUjBAqqZCGWwjyxhmgMN4hGrtpW3Oc/tRI4bpm/O2+ej72BB08l6JBnGQgVDGCLvHFGjGgQS6vzhwXg=="
  "resolved" "https://registry.npmmirror.com/promise-stream-reader/-/promise-stream-reader-1.0.1.tgz"
  "version" "1.0.1"

"proxy-from-env@^1.1.0":
  "integrity" "sha512-D+zkORCbA9f1tdWRK0RaCR3GPv50cMxcrz4X8k5LTSUD1Dkw47mKJEZQNunItRTkWwgtaUSo1RVFRIG9ZXiFYg=="
  "resolved" "https://registry.npmmirror.com/proxy-from-env/-/proxy-from-env-1.1.0.tgz"
  "version" "1.1.0"

"sinon@6.3.5":
  "integrity" "sha512-xgoZ2gKjyVRcF08RrIQc+srnSyY1JDJtxu3Nsz07j1ffjgXoY6uPLf/qja6nDBZgzYYEovVkFryw2+KiZz11xQ=="
  "resolved" "https://registry.npmmirror.com/sinon/-/sinon-6.3.5.tgz"
  "version" "6.3.5"
  dependencies:
    "@sinonjs/commons" "^1.0.2"
    "@sinonjs/formatio" "^3.0.0"
    "@sinonjs/samsam" "^2.1.2"
    "diff" "^3.5.0"
    "lodash.get" "^4.4.2"
    "lolex" "^2.7.5"
    "nise" "^1.4.5"
    "supports-color" "^5.5.0"
    "type-detect" "^4.0.8"

"supports-color@^5.5.0":
  "integrity" "sha512-QjVjwdXIt408MIiAqCX4oUKsgU2EqAGzs2Ppkm4aQYbjm+ZEWEcW4SfFNTr4uMNZma0ey4f5lgLrkB0aX0QMow=="
  "resolved" "https://registry.npmmirror.com/supports-color/-/supports-color-5.5.0.tgz"
  "version" "5.5.0"
  dependencies:
    "has-flag" "^3.0.0"

"teamide-xterm@^5.3.0":
  "integrity" "sha512-nmxwMoXx6qyWVIossbRLFe663rp/35ihVnHuMFn+S6+OAj/skc7mlGCEh/75K6DvxbxBtFwAfKBCryY1M9HvpQ=="
  "resolved" "https://registry.npmmirror.com/teamide-xterm/-/teamide-xterm-5.3.7.tgz"
  "version" "5.3.7"

"tiny-inflate@^1.0.2":
  "integrity" "sha512-fEndoHfuiSlXtvG0EA1gB4uAdy2dbQ3WfOtQw1/Y8NQ9rxtGbGkENwfGmN0wK7OkxDz1lgc5Ei2LQ0oxKDUcVw=="
  "resolved" "https://registry.npmmirror.com/tiny-inflate/-/tiny-inflate-1.0.2.tgz"
  "version" "1.0.2"

"type-detect@^4.0.8", "type-detect@4.0.8":
  "integrity" "sha512-0fr/mIH1dlO+x7TlcMy+bIDqKPsw/70tVyeHW787goQjhmqaZe10uwLujubK9q9Lg6Fiho1KUKDYz0Z7k7g5/g=="
  "resolved" "https://registry.npmmirror.com/type-detect/-/type-detect-4.0.8.tgz"
  "version" "4.0.8"

"yallist@^4.0.0":
  "integrity" "sha512-3wdGidZyq5PB084XLES5TpOSRA3wjXAlIWMhum2kRcv/41Sn2emQ0dycQW4uZXLejwKvg6EsvbdlVL+FYEct7A=="
  "resolved" "https://registry.npmmirror.com/yallist/-/yallist-4.0.0.tgz"
  "version" "4.0.0"

"yauzl@^2.10.0":
  "integrity" "sha512-p4a9I6X6nu6IhoGmBqAcbJy1mlC4j27vEPZX9F4L4/vZT3Lyq1VkFHw/V/PUcB9Buo+DG3iHkT0x3Qya58zc3g=="
  "resolved" "https://registry.npmmirror.com/yauzl/-/yauzl-2.10.0.tgz"
  "version" "2.10.0"
  dependencies:
    "buffer-crc32" "~0.2.3"
    "fd-slicer" "~1.1.0"
